
Microsoft Visual Studio Solution File, Format Version 12.00
# Visual Studio Version 17
VisualStudioVersion = 17.8.34322.80
MinimumVisualStudioVersion = 10.0.40219.1
Project("{6EC3EE1D-3C4E-46DD-8F32-0CC8E7565705}") = "Day1", "Day1\Day1.fsproj", "{C87D434E-B3DB-484A-A24B-83B96F837BDD}"
EndProject
Project("{6EC3EE1D-3C4E-46DD-8F32-0CC8E7565705}") = "Day2", "Day2\Day2.fsproj", "{47D42D3D-E335-42AA-A72E-AED89980BC0D}"
EndProject
Project("{6EC3EE1D-3C4E-46DD-8F32-0CC8E7565705}") = "Day3", "Day3\Day3.fsproj", "{CCB6D26A-684A-476E-980A-08E97F344442}"
EndProject
Project("{6EC3EE1D-3C4E-46DD-8F32-0CC8E7565705}") = "Day4", "Day4\Day4.fsproj", "{60EBE984-619F-4360-8D10-8F1B0E232DCA}"
EndProject
Project("{6EC3EE1D-3C4E-46DD-8F32-0CC8E7565705}") = "Day5", "Day5\Day5.fsproj", "{D0E3EA84-33EA-4276-AD4A-E9B4546312FF}"
EndProject
Project("{6EC3EE1D-3C4E-46DD-8F32-0CC8E7565705}") = "Day6", "Day6\Day6.fsproj", "{826E27BC-D79F-46A5-A38F-6F1C0F913FA4}"
EndProject
Project("{6EC3EE1D-3C4E-46DD-8F32-0CC8E7565705}") = "Day7", "Day7\Day7.fsproj", "{57681997-6C3E-4719-A6AC-4E5F99BDAAD6}"
EndProject
Project("{6EC3EE1D-3C4E-46DD-8F32-0CC8E7565705}") = "Day8", "Day8\Day8.fsproj", "{9DA0BEC6-26C1-4C95-9C05-C45C6B8A0FD1}"
EndProject
Project("{6EC3EE1D-3C4E-46DD-8F32-0CC8E7565705}") = "Day9", "Day9\Day9.fsproj", "{2EDBFFAC-C356-41DC-8A0B-9A9B9170E99C}"
EndProject
Project("{6EC3EE1D-3C4E-46DD-8F32-0CC8E7565705}") = "Day10", "Day10\Day10.fsproj", "{B7D1C955-50BD-42B5-8BF7-A925917B8DD3}"
EndProject
Project("{6EC3EE1D-3C4E-46DD-8F32-0CC8E7565705}") = "Day11", "Day11\Day11.fsproj", "{F2001F53-8A20-452B-8911-3E738F4BB838}"
EndProject
Project("{F2A71F9B-5D33-465A-A702-920D77279786}") = "Utils", "Utils\Utils.fsproj", "{10A5DA5A-47F4-44CE-8B86-5DF2394679B6}"
EndProject
Project("{F2A71F9B-5D33-465A-A702-920D77279786}") = "Day12", "Day12\Day12.fsproj", "{2E071FA6-4F10-46BB-817E-19F184CE230D}"
EndProject
Global
	GlobalSection(SolutionConfigurationPlatforms) = preSolution
		Debug|Any CPU = Debug|Any CPU
		Release|Any CPU = Release|Any CPU
	EndGlobalSection
	GlobalSection(ProjectConfigurationPlatforms) = postSolution
		{C87D434E-B3DB-484A-A24B-83B96F837BDD}.Debug|Any CPU.ActiveCfg = Debug|Any CPU
		{C87D434E-B3DB-484A-A24B-83B96F837BDD}.Debug|Any CPU.Build.0 = Debug|Any CPU
		{C87D434E-B3DB-484A-A24B-83B96F837BDD}.Release|Any CPU.ActiveCfg = Release|Any CPU
		{C87D434E-B3DB-484A-A24B-83B96F837BDD}.Release|Any CPU.Build.0 = Release|Any CPU
		{47D42D3D-E335-42AA-A72E-AED89980BC0D}.Debug|Any CPU.ActiveCfg = Debug|Any CPU
		{47D42D3D-E335-42AA-A72E-AED89980BC0D}.Debug|Any CPU.Build.0 = Debug|Any CPU
		{47D42D3D-E335-42AA-A72E-AED89980BC0D}.Release|Any CPU.ActiveCfg = Release|Any CPU
		{47D42D3D-E335-42AA-A72E-AED89980BC0D}.Release|Any CPU.Build.0 = Release|Any CPU
		{CCB6D26A-684A-476E-980A-08E97F344442}.Debug|Any CPU.ActiveCfg = Debug|Any CPU
		{CCB6D26A-684A-476E-980A-08E97F344442}.Debug|Any CPU.Build.0 = Debug|Any CPU
		{CCB6D26A-684A-476E-980A-08E97F344442}.Release|Any CPU.ActiveCfg = Release|Any CPU
		{CCB6D26A-684A-476E-980A-08E97F344442}.Release|Any CPU.Build.0 = Release|Any CPU
		{60EBE984-619F-4360-8D10-8F1B0E232DCA}.Debug|Any CPU.ActiveCfg = Debug|Any CPU
		{60EBE984-619F-4360-8D10-8F1B0E232DCA}.Debug|Any CPU.Build.0 = Debug|Any CPU
		{60EBE984-619F-4360-8D10-8F1B0E232DCA}.Release|Any CPU.ActiveCfg = Release|Any CPU
		{60EBE984-619F-4360-8D10-8F1B0E232DCA}.Release|Any CPU.Build.0 = Release|Any CPU
		{D0E3EA84-33EA-4276-AD4A-E9B4546312FF}.Debug|Any CPU.ActiveCfg = Debug|Any CPU
		{D0E3EA84-33EA-4276-AD4A-E9B4546312FF}.Debug|Any CPU.Build.0 = Debug|Any CPU
		{D0E3EA84-33EA-4276-AD4A-E9B4546312FF}.Release|Any CPU.ActiveCfg = Release|Any CPU
		{D0E3EA84-33EA-4276-AD4A-E9B4546312FF}.Release|Any CPU.Build.0 = Release|Any CPU
		{826E27BC-D79F-46A5-A38F-6F1C0F913FA4}.Debug|Any CPU.ActiveCfg = Debug|Any CPU
		{826E27BC-D79F-46A5-A38F-6F1C0F913FA4}.Debug|Any CPU.Build.0 = Debug|Any CPU
		{826E27BC-D79F-46A5-A38F-6F1C0F913FA4}.Release|Any CPU.ActiveCfg = Release|Any CPU
		{826E27BC-D79F-46A5-A38F-6F1C0F913FA4}.Release|Any CPU.Build.0 = Release|Any CPU
		{57681997-6C3E-4719-A6AC-4E5F99BDAAD6}.Debug|Any CPU.ActiveCfg = Debug|Any CPU
		{57681997-6C3E-4719-A6AC-4E5F99BDAAD6}.Debug|Any CPU.Build.0 = Debug|Any CPU
		{57681997-6C3E-4719-A6AC-4E5F99BDAAD6}.Release|Any CPU.ActiveCfg = Release|Any CPU
		{57681997-6C3E-4719-A6AC-4E5F99BDAAD6}.Release|Any CPU.Build.0 = Release|Any CPU
		{9DA0BEC6-26C1-4C95-9C05-C45C6B8A0FD1}.Debug|Any CPU.ActiveCfg = Debug|Any CPU
		{9DA0BEC6-26C1-4C95-9C05-C45C6B8A0FD1}.Debug|Any CPU.Build.0 = Debug|Any CPU
		{9DA0BEC6-26C1-4C95-9C05-C45C6B8A0FD1}.Release|Any CPU.ActiveCfg = Release|Any CPU
		{9DA0BEC6-26C1-4C95-9C05-C45C6B8A0FD1}.Release|Any CPU.Build.0 = Release|Any CPU
		{2EDBFFAC-C356-41DC-8A0B-9A9B9170E99C}.Debug|Any CPU.ActiveCfg = Debug|Any CPU
		{2EDBFFAC-C356-41DC-8A0B-9A9B9170E99C}.Debug|Any CPU.Build.0 = Debug|Any CPU
		{2EDBFFAC-C356-41DC-8A0B-9A9B9170E99C}.Release|Any CPU.ActiveCfg = Release|Any CPU
		{2EDBFFAC-C356-41DC-8A0B-9A9B9170E99C}.Release|Any CPU.Build.0 = Release|Any CPU
		{B7D1C955-50BD-42B5-8BF7-A925917B8DD3}.Debug|Any CPU.ActiveCfg = Debug|Any CPU
		{B7D1C955-50BD-42B5-8BF7-A925917B8DD3}.Debug|Any CPU.Build.0 = Debug|Any CPU
		{B7D1C955-50BD-42B5-8BF7-A925917B8DD3}.Release|Any CPU.ActiveCfg = Release|Any CPU
		{B7D1C955-50BD-42B5-8BF7-A925917B8DD3}.Release|Any CPU.Build.0 = Release|Any CPU
		{F2001F53-8A20-452B-8911-3E738F4BB838}.Debug|Any CPU.ActiveCfg = Debug|Any CPU
		{F2001F53-8A20-452B-8911-3E738F4BB838}.Debug|Any CPU.Build.0 = Debug|Any CPU
		{F2001F53-8A20-452B-8911-3E738F4BB838}.Release|Any CPU.ActiveCfg = Release|Any CPU
		{F2001F53-8A20-452B-8911-3E738F4BB838}.Release|Any CPU.Build.0 = Release|Any CPU
		{10A5DA5A-47F4-44CE-8B86-5DF2394679B6}.Debug|Any CPU.ActiveCfg = Debug|Any CPU
		{10A5DA5A-47F4-44CE-8B86-5DF2394679B6}.Debug|Any CPU.Build.0 = Debug|Any CPU
		{10A5DA5A-47F4-44CE-8B86-5DF2394679B6}.Release|Any CPU.ActiveCfg = Release|Any CPU
		{10A5DA5A-47F4-44CE-8B86-5DF2394679B6}.Release|Any CPU.Build.0 = Release|Any CPU
		{2E071FA6-4F10-46BB-817E-19F184CE230D}.Debug|Any CPU.ActiveCfg = Debug|Any CPU
		{2E071FA6-4F10-46BB-817E-19F184CE230D}.Debug|Any CPU.Build.0 = Debug|Any CPU
		{2E071FA6-4F10-46BB-817E-19F184CE230D}.Release|Any CPU.ActiveCfg = Release|Any CPU
		{2E071FA6-4F10-46BB-817E-19F184CE230D}.Release|Any CPU.Build.0 = Release|Any CPU
	EndGlobalSection
	GlobalSection(SolutionProperties) = preSolution
		HideSolutionNode = FALSE
	EndGlobalSection
	GlobalSection(ExtensibilityGlobals) = postSolution
		SolutionGuid = {74CDBC88-7EC0-45DE-8054-4E93EC83512F}
	EndGlobalSection
EndGlobal
